
Microsoft Visual Studio Solution File, Format Version 12.00
# Visual Studio Version 17
VisualStudioVersion = 17.11.35327.3
MinimumVisualStudioVersion = 10.0.40219.1
Project("{8BC9CEB8-8B4A-11D0-8D11-00A0C91BC942}") = "MIcrosoft_MPI_practice", "MIcrosoft_MPI_practice.vcxproj", "{FFCA13BB-484E-41DD-AE64-CA84057775B5}"
EndProject
Global
	GlobalSection(SolutionConfigurationPlatforms) = preSolution
		Debug|x64 = Debug|x64
		Debug|x86 = Debug|x86
		Release|x64 = Release|x64
		Release|x86 = Release|x86
	EndGlobalSection
	GlobalSection(ProjectConfigurationPlatforms) = postSolution
		{FFCA13BB-484E-41DD-AE64-CA84057775B5}.Debug|x64.ActiveCfg = Debug|x64
		{FFCA13BB-484E-41DD-AE64-CA84057775B5}.Debug|x64.Build.0 = Debug|x64
		{FFCA13BB-484E-41DD-AE64-CA84057775B5}.Debug|x86.ActiveCfg = Debug|Win32
		{FFCA13BB-484E-41DD-AE64-CA84057775B5}.Debug|x86.Build.0 = Debug|Win32
		{FFCA13BB-484E-41DD-AE64-CA84057775B5}.Release|x64.ActiveCfg = Release|x64
		{FFCA13BB-484E-41DD-AE64-CA84057775B5}.Release|x64.Build.0 = Release|x64
		{FFCA13BB-484E-41DD-AE64-CA84057775B5}.Release|x86.ActiveCfg = Release|Win32
		{FFCA13BB-484E-41DD-AE64-CA84057775B5}.Release|x86.Build.0 = Release|Win32
	EndGlobalSection
	GlobalSection(SolutionProperties) = preSolution
		HideSolutionNode = FALSE
	EndGlobalSection
	GlobalSection(ExtensibilityGlobals) = postSolution
		SolutionGuid = {DD50B76D-8D97-42AF-8CE0-A527E7DB1A16}
	EndGlobalSection
EndGlobal
